{
  "version": 1,
  "dependencies": {
    "net10.0-windows10.0.22621": {
      "Microsoft.Windows.CsWin32": {
        "type": "Direct",
        "requested": "[0.3.298, )",
        "resolved": "0.3.298",
        "contentHash": "moz/CojV5HSeJYV9pNVE6mWMKnJGvPgdD31EhBLyUJ8Ui06PBrH9oPFK1ljXbJJMM4EzKnkE1a0AtBbH1BHDGA==",
        "dependencies": {
          "Microsoft.Windows.SDK.Win32Docs": "0.1.42-alpha",
          "Microsoft.Windows.SDK.Win32Metadata": "70.0.11-preview",
          "Microsoft.Windows.WDK.Win32Metadata": "0.13.25-experimental"
        }
      },
      "System.Drawing.Common": {
        "type": "Direct",
        "requested": "[10.0.10, )",
        "resolved": "10.0.10",
        "contentHash": "R9q9TI//kGavXWTxvaSS9ERj79s+Vm7V7769zEmRbzdrIOJzAnGw+wWSo/JkaVdQfAAefV2V1bWYKCHF7Zs5oQ==",
        "dependencies": {
          "Microsoft.Win32.SystemEvents": "10.0.10"
        }
      },
      "CommunityToolkit.Mvvm": {
        "type": "Transitive",
        "resolved": "8.4.2",
        "contentHash": "WadCzGEc2U+3e20avRLng4qNtt4zoOGWrdUISqJWrHe3/FSnrYjuM5Sb4yQb09LhkBXrrI4Zt3dLKgRMbItsrg=="
      },
      "Microsoft.Data.Sqlite.Core": {
        "type": "Transitive",
        "resolved": "10.0.10",
        "contentHash": "TPCs0ldm7AWqcKmp6f/Xr+14sat7hx4rHfRlS4RgCURBH2thEWbAKEyX7cCWr63zVJVOJIJZTg2cBiUXa8ys6g==",
        "dependencies": {
          "SQLitePCLRaw.core": "2.1.11"
        }
      },
      "Microsoft.Extensions.DependencyInjection.Abstractions": {
        "type": "Transitive",
        "resolved": "10.0.10",
        "contentHash": "z/2xXlFw2aLGjHyEm6E0tQ+In6VfzQzTrtArbQ2c0TQE16ZbyDCMGPvaUT9I0s8rgy9sRWlU2P9waW37qV04qA=="
      },
      "Microsoft.Extensions.Logging.Abstractions": {
        "type": "Transitive",
        "resolved": "10.0.10",
        "contentHash": "zkFxGYUvdxAvIKTyXHrmW+Sux53D4SezD9dMyZ6hrwwzPQJNuwCRy1f5W7AvYTqacEGhWF2XderRQG1OvbV8og==",
        "dependencies": {
          "Microsoft.Extensions.DependencyInjection.Abstractions": "10.0.10"
        }
      },
      "Microsoft.Extensions.Options": {
        "type": "Transitive",
        "resolved": "10.0.10",
        "contentHash": "srnhnk7nE8krBiIXp71LvBmKBtraBONWSRzdjJgRv1Ko9Mp8IVNqv4vIS9hGeVteBig8aQkva9ZG+sC+o5sVcA==",
        "dependencies": {
          "Microsoft.Extensions.DependencyInjection.Abstractions": "10.0.10",
          "Microsoft.Extensions.Primitives": "10.0.10"
        }
      },
      "Microsoft.Extensions.Primitives": {
        "type": "Transitive",
        "resolved": "10.0.10",
        "contentHash": "5wu/GrYVd8mG2DVUw3vFJzF+O336TyTGg/Kmcgw9bfwYhCoFiV5lR5QeEmKecJyrW4W54nMfD3p3589E8a7czQ=="
      },
      "Microsoft.Win32.SystemEvents": {
        "type": "Transitive",
        "resolved": "10.0.10",
        "contentHash": "IY0lTfC2uVwTizjtGgQ03ViwyXGQ9lMDblzB889/HyguAZJ2J8pRrjPown8h2eJe8WFc8nh+BUEsEPkshzizYQ=="
      },
      "Microsoft.Windows.SDK.Win32Docs": {
        "type": "Transitive",
        "resolved": "0.1.42-alpha",
        "contentHash": "Z/9po23gUA9aoukirh2ItMU2ZS9++Js9Gdds9fu5yuMojDrmArvY2y+tq9985tR3cxFxpZO1O35Wjfo0khj5HA=="
      },
      "Microsoft.Windows.SDK.Win32Metadata": {
        "type": "Transitive",
        "resolved": "70.0.11-preview",
        "contentHash": "i8Dv2KCKzH8MQAsgLeUa5zFGyQOoz+TlvnbkFUkjsUtqhj4oguVj9rDpVACs5fLayZbwItOSllf+bhwr+z2yeg=="
      },
      "Microsoft.Windows.WDK.Win32Metadata": {
        "type": "Transitive",
        "resolved": "0.13.25-experimental",
        "contentHash": "IM50tb/+UIwBr9FMr6ZKcZjCMW+Axo6NjGqKxgjUfyCY8dRnYUfrJEXxAaXoWtYP4X8EmASmC1Jtwh4XucseZg==",
        "dependencies": {
          "Microsoft.Windows.SDK.Win32Metadata": "63.0.31-preview"
        }
      },
      "SQLitePCLRaw.core": {
        "type": "Transitive",
        "resolved": "3.0.3",
        "contentHash": "bjm6FY4lZyP+t7GmiuvSM0QXpFihAvyE0Y9O2yibm3g95AAWJPNnHOKVNJGyPTGIKuK7Pr4Wh8Rd8/aOtAclQw=="
      },
      "SQLitePCLRaw.provider.winsqlite3": {
        "type": "Transitive",
        "resolved": "3.0.3",
        "contentHash": "6KT59Pnf48MXX60HeQygfFkkIkJ4X49Ls+Dl4RF7SzzTBxdT1chzg/c15wtJD2Ny8+q0bMr/Rq2ZbalghP+29g==",
        "dependencies": {
          "SQLitePCLRaw.core": "3.0.3"
        }
      },
      "System.Security.Cryptography.ProtectedData": {
        "type": "Transitive",
        "resolved": "10.0.10",
        "contentHash": "BKt0SQgq2lq3ESE68jkeLwv95ypANrPDtkTOIFGcnhg2aRUeUUBDrQlkVDZctrg1WenVcvn5P5XZnuYI7q6rFQ=="
      },
      "universalconverterx.core": {
        "type": "Project",
        "dependencies": {
          "CommunityToolkit.Mvvm": "[8.4.2, )",
          "Microsoft.Data.Sqlite.Core": "[10.0.10, )",
          "Microsoft.Extensions.DependencyInjection.Abstractions": "[10.0.10, )",
          "Microsoft.Extensions.Logging.Abstractions": "[10.0.10, )",
          "Microsoft.Extensions.Options": "[10.0.10, )",
          "SQLitePCLRaw.provider.winsqlite3": "[3.0.3, )",
          "System.Security.Cryptography.ProtectedData": "[10.0.10, )"
        }
      }
    },
    "net10.0-windows10.0.22621/win-arm64": {
      "Microsoft.Win32.SystemEvents": {
        "type": "Transitive",
        "resolved": "10.0.10",
        "contentHash": "IY0lTfC2uVwTizjtGgQ03ViwyXGQ9lMDblzB889/HyguAZJ2J8pRrjPown8h2eJe8WFc8nh+BUEsEPkshzizYQ=="
      }
    },
    "net10.0-windows10.0.22621/win-x64": {
      "Microsoft.Win32.SystemEvents": {
        "type": "Transitive",
        "resolved": "10.0.10",
        "contentHash": "IY0lTfC2uVwTizjtGgQ03ViwyXGQ9lMDblzB889/HyguAZJ2J8pRrjPown8h2eJe8WFc8nh+BUEsEPkshzizYQ=="
      }
    }
  }
}